
Microsoft Visual Studio Solution File, Format Version 12.00
# Visual Studio Version 17
VisualStudioVersion = 17.4.33213.308
MinimumVisualStudioVersion = 10.0.40219.1
Project("{FAE04EC0-301F-11D3-BF4B-00C04F79EFBC}") = "播放器", "播放器\播放器.csproj", "{FC2CCAF9-9322-4FE1-9459-4B3F9D47B77F}"
EndProject
Global
	GlobalSection(SolutionConfigurationPlatforms) = preSolution
		Debug|Any CPU = Debug|Any CPU
		Release|Any CPU = Release|Any CPU
	EndGlobalSection
	GlobalSection(ProjectConfigurationPlatforms) = postSolution
		{FC2CCAF9-9322-4FE1-9459-4B3F9D47B77F}.Debug|Any CPU.ActiveCfg = Debug|Any CPU
		{FC2CCAF9-9322-4FE1-9459-4B3F9D47B77F}.Debug|Any CPU.Build.0 = Debug|Any CPU
		{FC2CCAF9-9322-4FE1-9459-4B3F9D47B77F}.Release|Any CPU.ActiveCfg = Release|Any CPU
		{FC2CCAF9-9322-4FE1-9459-4B3F9D47B77F}.Release|Any CPU.Build.0 = Release|Any CPU
	EndGlobalSection
	GlobalSection(SolutionProperties) = preSolution
		HideSolutionNode = FALSE
	EndGlobalSection
	GlobalSection(ExtensibilityGlobals) = postSolution
		SolutionGuid = {327A8E1E-9A2A-419A-B4BF-F06C1BF89767}
	EndGlobalSection
EndGlobal
